
Microsoft Visual Studio Solution File, Format Version 12.00
# Visual Studio Version 16
VisualStudioVersion = 16.0.29806.167
MinimumVisualStudioVersion = 10.0.40219.1
Project("{9A19103F-16F7-4668-BE54-9A1E7A4F7556}") = "Mushrooms.WEB", "MushroomManager\Mushrooms.WEB.csproj", "{4B8DE64E-828E-47C6-B2D1-5DC70FA2BF33}"
EndProject
Project("{9A19103F-16F7-4668-BE54-9A1E7A4F7556}") = "Mushrooms.Tests.Core", "Mushrooms.Tests.Core\Mushrooms.Tests.Core.csproj", "{3A1059A7-0656-46B3-8AA2-42C6A26CBB0B}"
EndProject
Project("{FAE04EC0-301F-11D3-BF4B-00C04F79EFBC}") = "Mushrooms.Core", "Mushrooms.Core\Mushrooms.Core.csproj", "{22BE039D-5E92-4B59-B967-A34F31BAD7EA}"
EndProject
Project("{FAE04EC0-301F-11D3-BF4B-00C04F79EFBC}") = "Mushrooms.Data", "Mushrooms.Data\Mushrooms.Data.csproj", "{90E7F396-116C-4CA0-8051-D8CE0467A849}"
EndProject
Project("{FAE04EC0-301F-11D3-BF4B-00C04F79EFBC}") = "Mushrooms.Entities", "Mushrooms.Entities\Mushrooms.Entities.csproj", "{3E4DEE5F-AA51-4500-98A4-27F38ACF548B}"
EndProject
Global
	GlobalSection(SolutionConfigurationPlatforms) = preSolution
		Debug|Any CPU = Debug|Any CPU
		Release|Any CPU = Release|Any CPU
	EndGlobalSection
	GlobalSection(ProjectConfigurationPlatforms) = postSolution
		{4B8DE64E-828E-47C6-B2D1-5DC70FA2BF33}.Debug|Any CPU.ActiveCfg = Debug|Any CPU
		{4B8DE64E-828E-47C6-B2D1-5DC70FA2BF33}.Debug|Any CPU.Build.0 = Debug|Any CPU
		{4B8DE64E-828E-47C6-B2D1-5DC70FA2BF33}.Release|Any CPU.ActiveCfg = Release|Any CPU
		{4B8DE64E-828E-47C6-B2D1-5DC70FA2BF33}.Release|Any CPU.Build.0 = Release|Any CPU
		{3A1059A7-0656-46B3-8AA2-42C6A26CBB0B}.Debug|Any CPU.ActiveCfg = Debug|Any CPU
		{3A1059A7-0656-46B3-8AA2-42C6A26CBB0B}.Debug|Any CPU.Build.0 = Debug|Any CPU
		{3A1059A7-0656-46B3-8AA2-42C6A26CBB0B}.Release|Any CPU.ActiveCfg = Release|Any CPU
		{3A1059A7-0656-46B3-8AA2-42C6A26CBB0B}.Release|Any CPU.Build.0 = Release|Any CPU
		{22BE039D-5E92-4B59-B967-A34F31BAD7EA}.Debug|Any CPU.ActiveCfg = Debug|Any CPU
		{22BE039D-5E92-4B59-B967-A34F31BAD7EA}.Debug|Any CPU.Build.0 = Debug|Any CPU
		{22BE039D-5E92-4B59-B967-A34F31BAD7EA}.Release|Any CPU.ActiveCfg = Release|Any CPU
		{22BE039D-5E92-4B59-B967-A34F31BAD7EA}.Release|Any CPU.Build.0 = Release|Any CPU
		{90E7F396-116C-4CA0-8051-D8CE0467A849}.Debug|Any CPU.ActiveCfg = Debug|Any CPU
		{90E7F396-116C-4CA0-8051-D8CE0467A849}.Debug|Any CPU.Build.0 = Debug|Any CPU
		{90E7F396-116C-4CA0-8051-D8CE0467A849}.Release|Any CPU.ActiveCfg = Release|Any CPU
		{90E7F396-116C-4CA0-8051-D8CE0467A849}.Release|Any CPU.Build.0 = Release|Any CPU
		{3E4DEE5F-AA51-4500-98A4-27F38ACF548B}.Debug|Any CPU.ActiveCfg = Debug|Any CPU
		{3E4DEE5F-AA51-4500-98A4-27F38ACF548B}.Debug|Any CPU.Build.0 = Debug|Any CPU
		{3E4DEE5F-AA51-4500-98A4-27F38ACF548B}.Release|Any CPU.ActiveCfg = Release|Any CPU
		{3E4DEE5F-AA51-4500-98A4-27F38ACF548B}.Release|Any CPU.Build.0 = Release|Any CPU
	EndGlobalSection
	GlobalSection(SolutionProperties) = preSolution
		HideSolutionNode = FALSE
	EndGlobalSection
	GlobalSection(ExtensibilityGlobals) = postSolution
		SolutionGuid = {8C346531-6A49-4BF3-87EF-1D499EEC0207}
	EndGlobalSection
EndGlobal
